// !$*UTF8*$!
{
	archiveVersion = 1;
	classes = {
	};
	objectVersion = 56;
	objects = {

/* Begin PBXBuildFile section */
		274DBA642A2FE3D800F9C712 /* AssistantsViewModel.swift in Sources */ = {isa = PBXBuildFile; fileRef = 274DBA632A2FE3D800F9C712 /* AssistantsViewModel.swift */; };
		274DBA662A2FE5B100F9C712 /* ChipItem.swift in Sources */ = {isa = PBXBuildFile; fileRef = 274DBA652A2FE5B100F9C712 /* ChipItem.swift */; };
		27B0E01D2A30F5E9002CDA33 /* UserDefaults.swift in Sources */ = {isa = PBXBuildFile; fileRef = 27B0E01C2A30F5E9002CDA33 /* UserDefaults.swift */; };
		27B0E0202A30FF6C002CDA33 /* GoogleMobileAds in Frameworks */ = {isa = PBXBuildFile; productRef = 27B0E01F2A30FF6C002CDA33 /* GoogleMobileAds */; };
		27B0E0222A30FFEE002CDA33 /* RewardedAd.swift in Sources */ = {isa = PBXBuildFile; fileRef = 27B0E0212A30FFEE002CDA33 /* RewardedAd.swift */; };
		27B0E0242A312724002CDA33 /* LazyView.swift in Sources */ = {isa = PBXBuildFile; fileRef = 27B0E0232A312724002CDA33 /* LazyView.swift */; };
		27B0E0292A312E3F002CDA33 /* HistoryViewModel.swift in Sources */ = {isa = PBXBuildFile; fileRef = 27B0E0282A312E3F002CDA33 /* HistoryViewModel.swift */; };
		27B0E02F2A312F15002CDA33 /* SQLite in Frameworks */ = {isa = PBXBuildFile; productRef = 27B0E02E2A312F15002CDA33 /* SQLite */; };
		27BC92C72A3130430031070B /* ConverstionsModel.swift in Sources */ = {isa = PBXBuildFile; fileRef = 27BC92C62A3130430031070B /* ConverstionsModel.swift */; };
		27BC92C92A3134010031070B /* SQliteDatabase.swift in Sources */ = {isa = PBXBuildFile; fileRef = 27BC92C82A3134010031070B /* SQliteDatabase.swift */; };
		27E656402AD9660D000FD102 /* ModerationModel.swift in Sources */ = {isa = PBXBuildFile; fileRef = 27E6563F2AD9660D000FD102 /* ModerationModel.swift */; };
		27F295E52A2B9966002470C5 /* ConversAIApp.swift in Sources */ = {isa = PBXBuildFile; fileRef = 27F295E42A2B9966002470C5 /* ConversAIApp.swift */; };
		27F295E72A2B9966002470C5 /* ContentView.swift in Sources */ = {isa = PBXBuildFile; fileRef = 27F295E62A2B9966002470C5 /* ContentView.swift */; };
		27F295E92A2B9968002470C5 /* Assets.xcassets in Resources */ = {isa = PBXBuildFile; fileRef = 27F295E82A2B9968002470C5 /* Assets.xcassets */; };
		27F295ED2A2B9968002470C5 /* Preview Assets.xcassets in Resources */ = {isa = PBXBuildFile; fileRef = 27F295EC2A2B9968002470C5 /* Preview Assets.xcassets */; };
		27F295F72A2B9968002470C5 /* ConversAITests.swift in Sources */ = {isa = PBXBuildFile; fileRef = 27F295F62A2B9968002470C5 /* ConversAITests.swift */; };
		27F296012A2B9968002470C5 /* ConversAIUITests.swift in Sources */ = {isa = PBXBuildFile; fileRef = 27F296002A2B9968002470C5 /* ConversAIUITests.swift */; };
		27F296032A2B9968002470C5 /* ConversAIUITestsLaunchTests.swift in Sources */ = {isa = PBXBuildFile; fileRef = 27F296022A2B9968002470C5 /* ConversAIUITestsLaunchTests.swift */; };
		27F296122A2B9C49002470C5 /* StartChatView.swift in Sources */ = {isa = PBXBuildFile; fileRef = 27F296112A2B9C49002470C5 /* StartChatView.swift */; };
		27F296172A2B9F85002470C5 /* UrbanistFontModifier.swift in Sources */ = {isa = PBXBuildFile; fileRef = 27F296162A2B9F85002470C5 /* UrbanistFontModifier.swift */; };
		27F296242A2BA23E002470C5 /* ColorExtension.swift in Sources */ = {isa = PBXBuildFile; fileRef = 27F296232A2BA23E002470C5 /* ColorExtension.swift */; };
		27F2963B2A2BA8B4002470C5 /* urbanist-bold.ttf in Resources */ = {isa = PBXBuildFile; fileRef = 27F296312A2BA8B4002470C5 /* urbanist-bold.ttf */; };
		27F2963C2A2BA8B4002470C5 /* urbanist-italic.ttf in Resources */ = {isa = PBXBuildFile; fileRef = 27F296322A2BA8B4002470C5 /* urbanist-italic.ttf */; };
		27F2963D2A2BA8B4002470C5 /* urbanist-black.ttf in Resources */ = {isa = PBXBuildFile; fileRef = 27F296332A2BA8B4002470C5 /* urbanist-black.ttf */; };
		27F2963E2A2BA8B4002470C5 /* urbanist-medium.ttf in Resources */ = {isa = PBXBuildFile; fileRef = 27F296342A2BA8B4002470C5 /* urbanist-medium.ttf */; };
		27F2963F2A2BA8B4002470C5 /* urbanist-regular.ttf in Resources */ = {isa = PBXBuildFile; fileRef = 27F296352A2BA8B4002470C5 /* urbanist-regular.ttf */; };
		27F296402A2BA8B4002470C5 /* urbanist-semi.ttf in Resources */ = {isa = PBXBuildFile; fileRef = 27F296362A2BA8B4002470C5 /* urbanist-semi.ttf */; };
		27F296412A2BA8B4002470C5 /* UrbanistExtraBold.ttf in Resources */ = {isa = PBXBuildFile; fileRef = 27F296372A2BA8B4002470C5 /* UrbanistExtraBold.ttf */; };
		27F296422A2BA8B4002470C5 /* urbanist-thin.ttf in Resources */ = {isa = PBXBuildFile; fileRef = 27F296382A2BA8B4002470C5 /* urbanist-thin.ttf */; };
		27F296432A2BA8B4002470C5 /* urbanist-extra-light.ttf in Resources */ = {isa = PBXBuildFile; fileRef = 27F296392A2BA8B4002470C5 /* urbanist-extra-light.ttf */; };
		27F296442A2BA8B4002470C5 /* urbanist-light.ttf in Resources */ = {isa = PBXBuildFile; fileRef = 27F2963A2A2BA8B4002470C5 /* urbanist-light.ttf */; };
		27F296472A2BC8AC002470C5 /* Extensions.swift in Sources */ = {isa = PBXBuildFile; fileRef = 27F296462A2BC8AC002470C5 /* Extensions.swift */; };
		27F2964F2A2BE2AA002470C5 /* ShimmerEffect.swift in Sources */ = {isa = PBXBuildFile; fileRef = 27F2964E2A2BE2AA002470C5 /* ShimmerEffect.swift */; };
		27F296552A2CB85C002470C5 /* AppBar.swift in Sources */ = {isa = PBXBuildFile; fileRef = 27F296542A2CB85C002470C5 /* AppBar.swift */; };
		27F2965A2A2CCA16002470C5 /* AssistantsView.swift in Sources */ = {isa = PBXBuildFile; fileRef = 27F296592A2CCA16002470C5 /* AssistantsView.swift */; };
		27F2965C2A2CCAE0002470C5 /* HistoryView.swift in Sources */ = {isa = PBXBuildFile; fileRef = 27F2965B2A2CCAE0002470C5 /* HistoryView.swift */; };
		27F2965E2A2CCAF5002470C5 /* SettingsView.swift in Sources */ = {isa = PBXBuildFile; fileRef = 27F2965D2A2CCAF5002470C5 /* SettingsView.swift */; };
		27F296612A2CD02B002470C5 /* Localizable.strings in Resources */ = {isa = PBXBuildFile; fileRef = 27F296632A2CD02B002470C5 /* Localizable.strings */; };
		27F296662A2CE3BD002470C5 /* LanguageManager.swift in Sources */ = {isa = PBXBuildFile; fileRef = 27F296652A2CE3BD002470C5 /* LanguageManager.swift */; };
		27F296682A2CE6C5002470C5 /* StartChatViewModel.swift in Sources */ = {isa = PBXBuildFile; fileRef = 27F296672A2CE6C5002470C5 /* StartChatViewModel.swift */; };
		27F2966B2A2CE840002470C5 /* ContentViewModel.swift in Sources */ = {isa = PBXBuildFile; fileRef = 27F2966A2A2CE840002470C5 /* ContentViewModel.swift */; };
		27F2966E2A2D1E7B002470C5 /* ChatView.swift in Sources */ = {isa = PBXBuildFile; fileRef = 27F2966D2A2D1E7B002470C5 /* ChatView.swift */; };
		27F296712A2D2148002470C5 /* BottomNav.swift in Sources */ = {isa = PBXBuildFile; fileRef = 27F296702A2D2148002470C5 /* BottomNav.swift */; };
		27F296782A2F13A8002470C5 /* MessageCard.swift in Sources */ = {isa = PBXBuildFile; fileRef = 27F296772A2F13A8002470C5 /* MessageCard.swift */; };
		27F2967A2A2F3C77002470C5 /* ChatViewModel.swift in Sources */ = {isa = PBXBuildFile; fileRef = 27F296792A2F3C77002470C5 /* ChatViewModel.swift */; };
		27F2967D2A2F3D03002470C5 /* ChatGPTSwift in Frameworks */ = {isa = PBXBuildFile; productRef = 27F2967C2A2F3D03002470C5 /* ChatGPTSwift */; };
		27F296802A2F3D41002470C5 /* MessageModel.swift in Sources */ = {isa = PBXBuildFile; fileRef = 27F2967F2A2F3D41002470C5 /* MessageModel.swift */; };
		27F296832A2F429F002470C5 /* MarkdownUI in Frameworks */ = {isa = PBXBuildFile; productRef = 27F296822A2F429F002470C5 /* MarkdownUI */; };
		27F296852A2F5109002470C5 /* Constants.swift in Sources */ = {isa = PBXBuildFile; fileRef = 27F296842A2F5109002470C5 /* Constants.swift */; };
		27F296872A2F6D2F002470C5 /* AIAssistantsModel.swift in Sources */ = {isa = PBXBuildFile; fileRef = 27F296862A2F6D2F002470C5 /* AIAssistantsModel.swift */; };
		27F296892A2F8B7C002470C5 /* AssistantCard.swift in Sources */ = {isa = PBXBuildFile; fileRef = 27F296882A2F8B7C002470C5 /* AssistantCard.swift */; };
		27F3115A2A334D7400BB399B /* LottieView.swift in Sources */ = {isa = PBXBuildFile; fileRef = 27F311592A334D7400BB399B /* LottieView.swift */; };
		27F3115D2A33510A00BB399B /* Lottie in Frameworks */ = {isa = PBXBuildFile; productRef = 27F3115C2A33510A00BB399B /* Lottie */; };
		27F311652A335EF500BB399B /* starLottie.json in Resources */ = {isa = PBXBuildFile; fileRef = 27F311642A335EF500BB399B /* starLottie.json */; };
		27F311692A33857800BB399B /* Appearance.swift in Sources */ = {isa = PBXBuildFile; fileRef = 27F311682A33857800BB399B /* Appearance.swift */; };
		27F3116B2A338EF100BB399B /* SettingsViewModel.swift in Sources */ = {isa = PBXBuildFile; fileRef = 27F3116A2A338EF100BB399B /* SettingsViewModel.swift */; };
		27F3116D2A3396D600BB399B /* LanguagesView.swift in Sources */ = {isa = PBXBuildFile; fileRef = 27F3116C2A3396D600BB399B /* LanguagesView.swift */; };
		27F311702A339E0400BB399B /* LanguagesViewModel.swift in Sources */ = {isa = PBXBuildFile; fileRef = 27F3116F2A339E0400BB399B /* LanguagesViewModel.swift */; };
		27F311722A35CAF500BB399B /* Urbanist-SemiBold.ttf in Resources */ = {isa = PBXBuildFile; fileRef = 27F311712A35CAF500BB399B /* Urbanist-SemiBold.ttf */; };
		27F311762A362AB200BB399B /* RevenueCat in Frameworks */ = {isa = PBXBuildFile; productRef = 27F311752A362AB200BB399B /* RevenueCat */; };
		27F311782A362B5200BB399B /* ViewExtensions.swift in Sources */ = {isa = PBXBuildFile; fileRef = 27F311772A362B5200BB399B /* ViewExtensions.swift */; };
		27F3117B2A362BC500BB399B /* StoreKit.framework in Frameworks */ = {isa = PBXBuildFile; fileRef = 27F3117A2A362BC500BB399B /* StoreKit.framework */; };
		27F3117D2A362D6B00BB399B /* UpgradeView.swift in Sources */ = {isa = PBXBuildFile; fileRef = 27F3117C2A362D6B00BB399B /* UpgradeView.swift */; };
		27F3117F2A36438200BB399B /* UpgradeViewModel.swift in Sources */ = {isa = PBXBuildFile; fileRef = 27F3117E2A36438200BB399B /* UpgradeViewModel.swift */; };
		27F311812A37096600BB399B /* GenericDialogs.swift in Sources */ = {isa = PBXBuildFile; fileRef = 27F311802A37096600BB399B /* GenericDialogs.swift */; };
		27F311842A37410500BB399B /* PopupView in Frameworks */ = {isa = PBXBuildFile; productRef = 27F311832A37410500BB399B /* PopupView */; };
		27F311872A375F7A00BB399B /* AppsFlyerLib in Frameworks */ = {isa = PBXBuildFile; productRef = 27F311862A375F7A00BB399B /* AppsFlyerLib */; };
		27F311892A37902900BB399B /* SplashView.swift in Sources */ = {isa = PBXBuildFile; fileRef = 27F311882A37902900BB399B /* SplashView.swift */; };
/* End PBXBuildFile section */

/* Begin PBXContainerItemProxy section */
		27F295F32A2B9968002470C5 /* PBXContainerItemProxy */ = {
			isa = PBXContainerItemProxy;
			containerPortal = 27F295D92A2B9966002470C5 /* Project object */;
			proxyType = 1;
			remoteGlobalIDString = 27F295E02A2B9966002470C5;
			remoteInfo = ConversAI;
		};
		27F295FD2A2B9968002470C5 /* PBXContainerItemProxy */ = {
			isa = PBXContainerItemProxy;
			containerPortal = 27F295D92A2B9966002470C5 /* Project object */;
			proxyType = 1;
			remoteGlobalIDString = 27F295E02A2B9966002470C5;
			remoteInfo = ConversAI;
		};
/* End PBXContainerItemProxy section */

/* Begin PBXFileReference section */
		274DBA632A2FE3D800F9C712 /* AssistantsViewModel.swift */ = {isa = PBXFileReference; lastKnownFileType = sourcecode.swift; path = AssistantsViewModel.swift; sourceTree = "<group>"; };
		274DBA652A2FE5B100F9C712 /* ChipItem.swift */ = {isa = PBXFileReference; lastKnownFileType = sourcecode.swift; path = ChipItem.swift; sourceTree = "<group>"; };
		27B0E01C2A30F5E9002CDA33 /* UserDefaults.swift */ = {isa = PBXFileReference; lastKnownFileType = sourcecode.swift; path = UserDefaults.swift; sourceTree = "<group>"; };
		27B0E0212A30FFEE002CDA33 /* RewardedAd.swift */ = {isa = PBXFileReference; lastKnownFileType = sourcecode.swift; path = RewardedAd.swift; sourceTree = "<group>"; };
		27B0E0232A312724002CDA33 /* LazyView.swift */ = {isa = PBXFileReference; lastKnownFileType = sourcecode.swift; path = LazyView.swift; sourceTree = "<group>"; };
		27B0E0282A312E3F002CDA33 /* HistoryViewModel.swift */ = {isa = PBXFileReference; lastKnownFileType = sourcecode.swift; path = HistoryViewModel.swift; sourceTree = "<group>"; };
		27BC92C62A3130430031070B /* ConverstionsModel.swift */ = {isa = PBXFileReference; lastKnownFileType = sourcecode.swift; path = ConverstionsModel.swift; sourceTree = "<group>"; };
		27BC92C82A3134010031070B /* SQliteDatabase.swift */ = {isa = PBXFileReference; lastKnownFileType = sourcecode.swift; path = SQliteDatabase.swift; sourceTree = "<group>"; };
		27E6563F2AD9660D000FD102 /* ModerationModel.swift */ = {isa = PBXFileReference; lastKnownFileType = sourcecode.swift; path = ModerationModel.swift; sourceTree = "<group>"; };
		27F295E12A2B9966002470C5 /* ConversAI.app */ = {isa = PBXFileReference; explicitFileType = wrapper.application; includeInIndex = 0; path = ConversAI.app; sourceTree = BUILT_PRODUCTS_DIR; };
		27F295E42A2B9966002470C5 /* ConversAIApp.swift */ = {isa = PBXFileReference; lastKnownFileType = sourcecode.swift; path = ConversAIApp.swift; sourceTree = "<group>"; };
		27F295E62A2B9966002470C5 /* ContentView.swift */ = {isa = PBXFileReference; lastKnownFileType = sourcecode.swift; path = ContentView.swift; sourceTree = "<group>"; };
		27F295E82A2B9968002470C5 /* Assets.xcassets */ = {isa = PBXFileReference; lastKnownFileType = folder.assetcatalog; path = Assets.xcassets; sourceTree = "<group>"; };
		27F295EA2A2B9968002470C5 /* ConversAI.entitlements */ = {isa = PBXFileReference; lastKnownFileType = text.plist.entitlements; path = ConversAI.entitlements; sourceTree = "<group>"; };
		27F295EC2A2B9968002470C5 /* Preview Assets.xcassets */ = {isa = PBXFileReference; lastKnownFileType = folder.assetcatalog; path = "Preview Assets.xcassets"; sourceTree = "<group>"; };
		27F295F22A2B9968002470C5 /* ConversAITests.xctest */ = {isa = PBXFileReference; explicitFileType = wrapper.cfbundle; includeInIndex = 0; path = ConversAITests.xctest; sourceTree = BUILT_PRODUCTS_DIR; };
		27F295F62A2B9968002470C5 /* ConversAITests.swift */ = {isa = PBXFileReference; lastKnownFileType = sourcecode.swift; path = ConversAITests.swift; sourceTree = "<group>"; };
		27F295FC2A2B9968002470C5 /* ConversAIUITests.xctest */ = {isa = PBXFileReference; explicitFileType = wrapper.cfbundle; includeInIndex = 0; path = ConversAIUITests.xctest; sourceTree = BUILT_PRODUCTS_DIR; };
		27F296002A2B9968002470C5 /* ConversAIUITests.swift */ = {isa = PBXFileReference; lastKnownFileType = sourcecode.swift; path = ConversAIUITests.swift; sourceTree = "<group>"; };
		27F296022A2B9968002470C5 /* ConversAIUITestsLaunchTests.swift */ = {isa = PBXFileReference; lastKnownFileType = sourcecode.swift; path = ConversAIUITestsLaunchTests.swift; sourceTree = "<group>"; };
		27F296112A2B9C49002470C5 /* StartChatView.swift */ = {isa = PBXFileReference; lastKnownFileType = sourcecode.swift; path = StartChatView.swift; sourceTree = "<group>"; };
		27F296162A2B9F85002470C5 /* UrbanistFontModifier.swift */ = {isa = PBXFileReference; lastKnownFileType = sourcecode.swift; path = UrbanistFontModifier.swift; sourceTree = "<group>"; };
		27F296232A2BA23E002470C5 /* ColorExtension.swift */ = {isa = PBXFileReference; lastKnownFileType = sourcecode.swift; path = ColorExtension.swift; sourceTree = "<group>"; };
		27F296312A2BA8B4002470C5 /* urbanist-bold.ttf */ = {isa = PBXFileReference; lastKnownFileType = file; path = "urbanist-bold.ttf"; sourceTree = "<group>"; };
		27F296322A2BA8B4002470C5 /* urbanist-italic.ttf */ = {isa = PBXFileReference; lastKnownFileType = file; path = "urbanist-italic.ttf"; sourceTree = "<group>"; };
		27F296332A2BA8B4002470C5 /* urbanist-black.ttf */ = {isa = PBXFileReference; lastKnownFileType = file; path = "urbanist-black.ttf"; sourceTree = "<group>"; };
		27F296342A2BA8B4002470C5 /* urbanist-medium.ttf */ = {isa = PBXFileReference; lastKnownFileType = file; path = "urbanist-medium.ttf"; sourceTree = "<group>"; };
		27F296352A2BA8B4002470C5 /* urbanist-regular.ttf */ = {isa = PBXFileReference; lastKnownFileType = file; path = "urbanist-regular.ttf"; sourceTree = "<group>"; };
		27F296362A2BA8B4002470C5 /* urbanist-semi.ttf */ = {isa = PBXFileReference; lastKnownFileType = file; path = "urbanist-semi.ttf"; sourceTree = "<group>"; };
		27F296372A2BA8B4002470C5 /* UrbanistExtraBold.ttf */ = {isa = PBXFileReference; lastKnownFileType = file; path = UrbanistExtraBold.ttf; sourceTree = "<group>"; };
		27F296382A2BA8B4002470C5 /* urbanist-thin.ttf */ = {isa = PBXFileReference; lastKnownFileType = file; path = "urbanist-thin.ttf"; sourceTree = "<group>"; };
		27F296392A2BA8B4002470C5 /* urbanist-extra-light.ttf */ = {isa = PBXFileReference; lastKnownFileType = file; path = "urbanist-extra-light.ttf"; sourceTree = "<group>"; };
		27F2963A2A2BA8B4002470C5 /* urbanist-light.ttf */ = {isa = PBXFileReference; lastKnownFileType = file; path = "urbanist-light.ttf"; sourceTree = "<group>"; };
		27F296452A2BA9ED002470C5 /* Info.plist */ = {isa = PBXFileReference; lastKnownFileType = text.plist.xml; path = Info.plist; sourceTree = "<group>"; };
		27F296462A2BC8AC002470C5 /* Extensions.swift */ = {isa = PBXFileReference; lastKnownFileType = sourcecode.swift; path = Extensions.swift; sourceTree = "<group>"; };
		27F2964E2A2BE2AA002470C5 /* ShimmerEffect.swift */ = {isa = PBXFileReference; lastKnownFileType = sourcecode.swift; path = ShimmerEffect.swift; sourceTree = "<group>"; };
		27F296542A2CB85C002470C5 /* AppBar.swift */ = {isa = PBXFileReference; lastKnownFileType = sourcecode.swift; path = AppBar.swift; sourceTree = "<group>"; };
		27F296592A2CCA16002470C5 /* AssistantsView.swift */ = {isa = PBXFileReference; lastKnownFileType = sourcecode.swift; path = AssistantsView.swift; sourceTree = "<group>"; };
		27F2965B2A2CCAE0002470C5 /* HistoryView.swift */ = {isa = PBXFileReference; lastKnownFileType = sourcecode.swift; path = HistoryView.swift; sourceTree = "<group>"; };
		27F2965D2A2CCAF5002470C5 /* SettingsView.swift */ = {isa = PBXFileReference; lastKnownFileType = sourcecode.swift; path = SettingsView.swift; sourceTree = "<group>"; };
		27F296622A2CD02B002470C5 /* tr */ = {isa = PBXFileReference; lastKnownFileType = text.plist.strings; name = tr; path = tr.lproj/Localizable.strings; sourceTree = "<group>"; };
		27F296642A2CD030002470C5 /* en */ = {isa = PBXFileReference; lastKnownFileType = text.plist.strings; name = en; path = en.lproj/Localizable.strings; sourceTree = "<group>"; };
		27F296652A2CE3BD002470C5 /* LanguageManager.swift */ = {isa = PBXFileReference; lastKnownFileType = sourcecode.swift; path = LanguageManager.swift; sourceTree = "<group>"; };
		27F296672A2CE6C5002470C5 /* StartChatViewModel.swift */ = {isa = PBXFileReference; lastKnownFileType = sourcecode.swift; path = StartChatViewModel.swift; sourceTree = "<group>"; };
		27F2966A2A2CE840002470C5 /* ContentViewModel.swift */ = {isa = PBXFileReference; lastKnownFileType = sourcecode.swift; path = ContentViewModel.swift; sourceTree = "<group>"; };
		27F2966D2A2D1E7B002470C5 /* ChatView.swift */ = {isa = PBXFileReference; lastKnownFileType = sourcecode.swift; path = ChatView.swift; sourceTree = "<group>"; };
		27F296702A2D2148002470C5 /* BottomNav.swift */ = {isa = PBXFileReference; lastKnownFileType = sourcecode.swift; path = BottomNav.swift; sourceTree = "<group>"; };
		27F296772A2F13A8002470C5 /* MessageCard.swift */ = {isa = PBXFileReference; lastKnownFileType = sourcecode.swift; path = MessageCard.swift; sourceTree = "<group>"; };
		27F296792A2F3C77002470C5 /* ChatViewModel.swift */ = {isa = PBXFileReference; lastKnownFileType = sourcecode.swift; path = ChatViewModel.swift; sourceTree = "<group>"; };
		27F2967F2A2F3D41002470C5 /* MessageModel.swift */ = {isa = PBXFileReference; lastKnownFileType = sourcecode.swift; path = MessageModel.swift; sourceTree = "<group>"; };
		27F296842A2F5109002470C5 /* Constants.swift */ = {isa = PBXFileReference; lastKnownFileType = sourcecode.swift; path = Constants.swift; sourceTree = "<group>"; };
		27F296862A2F6D2F002470C5 /* AIAssistantsModel.swift */ = {isa = PBXFileReference; lastKnownFileType = sourcecode.swift; path = AIAssistantsModel.swift; sourceTree = "<group>"; };
		27F296882A2F8B7C002470C5 /* AssistantCard.swift */ = {isa = PBXFileReference; lastKnownFileType = sourcecode.swift; path = AssistantCard.swift; sourceTree = "<group>"; };
		27F311592A334D7400BB399B /* LottieView.swift */ = {isa = PBXFileReference; lastKnownFileType = sourcecode.swift; path = LottieView.swift; sourceTree = "<group>"; };
		27F311642A335EF500BB399B /* starLottie.json */ = {isa = PBXFileReference; fileEncoding = 4; lastKnownFileType = text.json; path = starLottie.json; sourceTree = "<group>"; };
		27F311682A33857800BB399B /* Appearance.swift */ = {isa = PBXFileReference; lastKnownFileType = sourcecode.swift; path = Appearance.swift; sourceTree = "<group>"; };
		27F3116A2A338EF100BB399B /* SettingsViewModel.swift */ = {isa = PBXFileReference; lastKnownFileType = sourcecode.swift; path = SettingsViewModel.swift; sourceTree = "<group>"; };
		27F3116C2A3396D600BB399B /* LanguagesView.swift */ = {isa = PBXFileReference; lastKnownFileType = sourcecode.swift; path = LanguagesView.swift; sourceTree = "<group>"; };
		27F3116F2A339E0400BB399B /* LanguagesViewModel.swift */ = {isa = PBXFileReference; lastKnownFileType = sourcecode.swift; path = LanguagesViewModel.swift; sourceTree = "<group>"; };
		27F311712A35CAF500BB399B /* Urbanist-SemiBold.ttf */ = {isa = PBXFileReference; lastKnownFileType = file; path = "Urbanist-SemiBold.ttf"; sourceTree = "<group>"; };
		27F311772A362B5200BB399B /* ViewExtensions.swift */ = {isa = PBXFileReference; lastKnownFileType = sourcecode.swift; path = ViewExtensions.swift; sourceTree = "<group>"; };
		27F3117A2A362BC500BB399B /* StoreKit.framework */ = {isa = PBXFileReference; lastKnownFileType = wrapper.framework; name = StoreKit.framework; path = System/Library/Frameworks/StoreKit.framework; sourceTree = SDKROOT; };
		27F3117C2A362D6B00BB399B /* UpgradeView.swift */ = {isa = PBXFileReference; lastKnownFileType = sourcecode.swift; path = UpgradeView.swift; sourceTree = "<group>"; };
		27F3117E2A36438200BB399B /* UpgradeViewModel.swift */ = {isa = PBXFileReference; lastKnownFileType = sourcecode.swift; path = UpgradeViewModel.swift; sourceTree = "<group>"; };
		27F311802A37096600BB399B /* GenericDialogs.swift */ = {isa = PBXFileReference; lastKnownFileType = sourcecode.swift; path = GenericDialogs.swift; sourceTree = "<group>"; };
		27F311882A37902900BB399B /* SplashView.swift */ = {isa = PBXFileReference; lastKnownFileType = sourcecode.swift; path = SplashView.swift; sourceTree = "<group>"; };
		27F3118A2A37B23C00BB399B /* es */ = {isa = PBXFileReference; lastKnownFileType = text.plist.strings; name = es; path = es.lproj/Localizable.strings; sourceTree = "<group>"; };
/* End PBXFileReference section */

/* Begin PBXFrameworksBuildPhase section */
		27F295DE2A2B9966002470C5 /* Frameworks */ = {
			isa = PBXFrameworksBuildPhase;
			buildActionMask = 2147483647;
			files = (
				27F311842A37410500BB399B /* PopupView in Frameworks */,
				27F3115D2A33510A00BB399B /* Lottie in Frameworks */,
				27F3117B2A362BC500BB399B /* StoreKit.framework in Frameworks */,
				27B0E02F2A312F15002CDA33 /* SQLite in Frameworks */,
				27F311762A362AB200BB399B /* RevenueCat in Frameworks */,
				27F2967D2A2F3D03002470C5 /* ChatGPTSwift in Frameworks */,
				27B0E0202A30FF6C002CDA33 /* GoogleMobileAds in Frameworks */,
				27F296832A2F429F002470C5 /* MarkdownUI in Frameworks */,
				27F311872A375F7A00BB399B /* AppsFlyerLib in Frameworks */,
			);
			runOnlyForDeploymentPostprocessing = 0;
		};
		27F295EF2A2B9968002470C5 /* Frameworks */ = {
			isa = PBXFrameworksBuildPhase;
			buildActionMask = 2147483647;
			files = (
			);
			runOnlyForDeploymentPostprocessing = 0;
		};
		27F295F92A2B9968002470C5 /* Frameworks */ = {
			isa = PBXFrameworksBuildPhase;
			buildActionMask = 2147483647;
			files = (
			);
			runOnlyForDeploymentPostprocessing = 0;
		};
/* End PBXFrameworksBuildPhase section */

/* Begin PBXGroup section */
		27F295D82A2B9966002470C5 = {
			isa = PBXGroup;
			children = (
				27F295E32A2B9966002470C5 /* ConversAI */,
				27F295F52A2B9968002470C5 /* ConversAITests */,
				27F295FF2A2B9968002470C5 /* ConversAIUITests */,
				27F295E22A2B9966002470C5 /* Products */,
				27F311792A362BC500BB399B /* Frameworks */,
			);
			sourceTree = "<group>";
		};
		27F295E22A2B9966002470C5 /* Products */ = {
			isa = PBXGroup;
			children = (
				27F295E12A2B9966002470C5 /* ConversAI.app */,
				27F295F22A2B9968002470C5 /* ConversAITests.xctest */,
				27F295FC2A2B9968002470C5 /* ConversAIUITests.xctest */,
			);
			name = Products;
			sourceTree = "<group>";
		};
		27F295E32A2B9966002470C5 /* ConversAI */ = {
			isa = PBXGroup;
			children = (
				27F311732A361D4200BB399B /* ViewModels */,
				27F2967E2A2F3D33002470C5 /* Models */,
				27F296452A2BA9ED002470C5 /* Info.plist */,
				27F296132A2B9E5C002470C5 /* Helpers */,
				27F2960F2A2B9BD9002470C5 /* Views */,
				27F295E42A2B9966002470C5 /* ConversAIApp.swift */,
				27F295E82A2B9968002470C5 /* Assets.xcassets */,
				27F295EA2A2B9968002470C5 /* ConversAI.entitlements */,
				27F295EB2A2B9968002470C5 /* Preview Content */,
				27F296632A2CD02B002470C5 /* Localizable.strings */,
			);
			path = ConversAI;
			sourceTree = "<group>";
		};
		27F295EB2A2B9968002470C5 /* Preview Content */ = {
			isa = PBXGroup;
			children = (
				27F295EC2A2B9968002470C5 /* Preview Assets.xcassets */,
			);
			path = "Preview Content";
			sourceTree = "<group>";
		};
		27F295F52A2B9968002470C5 /* ConversAITests */ = {
			isa = PBXGroup;
			children = (
				27F295F62A2B9968002470C5 /* ConversAITests.swift */,
			);
			path = ConversAITests;
			sourceTree = "<group>";
		};
		27F295FF2A2B9968002470C5 /* ConversAIUITests */ = {
			isa = PBXGroup;
			children = (
				27F296002A2B9968002470C5 /* ConversAIUITests.swift */,
				27F296022A2B9968002470C5 /* ConversAIUITestsLaunchTests.swift */,
			);
			path = ConversAIUITests;
			sourceTree = "<group>";
		};
		27F2960F2A2B9BD9002470C5 /* Views */ = {
			isa = PBXGroup;
			children = (
				27F3116C2A3396D600BB399B /* LanguagesView.swift */,
				27F2966D2A2D1E7B002470C5 /* ChatView.swift */,
				27F295E62A2B9966002470C5 /* ContentView.swift */,
				27F2965D2A2CCAF5002470C5 /* SettingsView.swift */,
				27F2965B2A2CCAE0002470C5 /* HistoryView.swift */,
				27F296592A2CCA16002470C5 /* AssistantsView.swift */,
				27F296112A2B9C49002470C5 /* StartChatView.swift */,
				27F3117C2A362D6B00BB399B /* UpgradeView.swift */,
				27F311882A37902900BB399B /* SplashView.swift */,
			);
			path = Views;
			sourceTree = "<group>";
		};
		27F296132A2B9E5C002470C5 /* Helpers */ = {
			isa = PBXGroup;
			children = (
				27F311642A335EF500BB399B /* starLottie.json */,
				27F2966F2A2D2085002470C5 /* Components */,
				27F296182A2BA046002470C5 /* Font */,
				27F296232A2BA23E002470C5 /* ColorExtension.swift */,
				27F296462A2BC8AC002470C5 /* Extensions.swift */,
				27F296652A2CE3BD002470C5 /* LanguageManager.swift */,
				27F296842A2F5109002470C5 /* Constants.swift */,
				27B0E01C2A30F5E9002CDA33 /* UserDefaults.swift */,
				27B0E0212A30FFEE002CDA33 /* RewardedAd.swift */,
				27B0E0232A312724002CDA33 /* LazyView.swift */,
				27BC92C82A3134010031070B /* SQliteDatabase.swift */,
				27F311682A33857800BB399B /* Appearance.swift */,
				27F311772A362B5200BB399B /* ViewExtensions.swift */,
			);
			path = Helpers;
			sourceTree = "<group>";
		};
		27F296182A2BA046002470C5 /* Font */ = {
			isa = PBXGroup;
			children = (
				27F311712A35CAF500BB399B /* Urbanist-SemiBold.ttf */,
				27F296332A2BA8B4002470C5 /* urbanist-black.ttf */,
				27F296312A2BA8B4002470C5 /* urbanist-bold.ttf */,
				27F296372A2BA8B4002470C5 /* UrbanistExtraBold.ttf */,
				27F296392A2BA8B4002470C5 /* urbanist-extra-light.ttf */,
				27F296322A2BA8B4002470C5 /* urbanist-italic.ttf */,
				27F2963A2A2BA8B4002470C5 /* urbanist-light.ttf */,
				27F296342A2BA8B4002470C5 /* urbanist-medium.ttf */,
				27F296352A2BA8B4002470C5 /* urbanist-regular.ttf */,
				27F296362A2BA8B4002470C5 /* urbanist-semi.ttf */,
				27F296382A2BA8B4002470C5 /* urbanist-thin.ttf */,
				27F296162A2B9F85002470C5 /* UrbanistFontModifier.swift */,
			);
			path = Font;
			sourceTree = "<group>";
		};
		27F2966F2A2D2085002470C5 /* Components */ = {
			isa = PBXGroup;
			children = (
				27F296542A2CB85C002470C5 /* AppBar.swift */,
				27F2964E2A2BE2AA002470C5 /* ShimmerEffect.swift */,
				27F296702A2D2148002470C5 /* BottomNav.swift */,
				27F296772A2F13A8002470C5 /* MessageCard.swift */,
				27F296882A2F8B7C002470C5 /* AssistantCard.swift */,
				274DBA652A2FE5B100F9C712 /* ChipItem.swift */,
				27F311592A334D7400BB399B /* LottieView.swift */,
				27F311802A37096600BB399B /* GenericDialogs.swift */,
			);
			path = Components;
			sourceTree = "<group>";
		};
		27F2967E2A2F3D33002470C5 /* Models */ = {
			isa = PBXGroup;
			children = (
				27F2967F2A2F3D41002470C5 /* MessageModel.swift */,
				27F296862A2F6D2F002470C5 /* AIAssistantsModel.swift */,
				27BC92C62A3130430031070B /* ConverstionsModel.swift */,
				27E6563F2AD9660D000FD102 /* ModerationModel.swift */,
			);
			path = Models;
			sourceTree = "<group>";
		};
		27F311732A361D4200BB399B /* ViewModels */ = {
			isa = PBXGroup;
			children = (
				27F3116F2A339E0400BB399B /* LanguagesViewModel.swift */,
				27F296792A2F3C77002470C5 /* ChatViewModel.swift */,
				27F2966A2A2CE840002470C5 /* ContentViewModel.swift */,
				27F3116A2A338EF100BB399B /* SettingsViewModel.swift */,
				27B0E0282A312E3F002CDA33 /* HistoryViewModel.swift */,
				274DBA632A2FE3D800F9C712 /* AssistantsViewModel.swift */,
				27F296672A2CE6C5002470C5 /* StartChatViewModel.swift */,
				27F3117E2A36438200BB399B /* UpgradeViewModel.swift */,
			);
			path = ViewModels;
			sourceTree = "<group>";
		};
		27F311792A362BC500BB399B /* Frameworks */ = {
			isa = PBXGroup;
			children = (
				27F3117A2A362BC500BB399B /* StoreKit.framework */,
			);
			name = Frameworks;
			sourceTree = "<group>";
		};
/* End PBXGroup section */

/* Begin PBXNativeTarget section */
		27F295E02A2B9966002470C5 /* ConversAI */ = {
			isa = PBXNativeTarget;
			buildConfigurationList = 27F296062A2B9968002470C5 /* Build configuration list for PBXNativeTarget "ConversAI" */;
			buildPhases = (
				27F295DD2A2B9966002470C5 /* Sources */,
				27F295DE2A2B9966002470C5 /* Frameworks */,
				27F295DF2A2B9966002470C5 /* Resources */,
			);
			buildRules = (
			);
			dependencies = (
			);
			name = ConversAI;
			packageProductDependencies = (
				27F2967C2A2F3D03002470C5 /* ChatGPTSwift */,
				27F296822A2F429F002470C5 /* MarkdownUI */,
				27B0E01F2A30FF6C002CDA33 /* GoogleMobileAds */,
				27B0E02E2A312F15002CDA33 /* SQLite */,
				27F3115C2A33510A00BB399B /* Lottie */,
				27F311752A362AB200BB399B /* RevenueCat */,
				27F311832A37410500BB399B /* PopupView */,
				27F311862A375F7A00BB399B /* AppsFlyerLib */,
			);
			productName = ConversAI;
			productReference = 27F295E12A2B9966002470C5 /* ConversAI.app */;
			productType = "com.apple.product-type.application";
		};
		27F295F12A2B9968002470C5 /* ConversAITests */ = {
			isa = PBXNativeTarget;
			buildConfigurationList = 27F296092A2B9968002470C5 /* Build configuration list for PBXNativeTarget "ConversAITests" */;
			buildPhases = (
				27F295EE2A2B9968002470C5 /* Sources */,
				27F295EF2A2B9968002470C5 /* Frameworks */,
				27F295F02A2B9968002470C5 /* Resources */,
			);
			buildRules = (
			);
			dependencies = (
				27F295F42A2B9968002470C5 /* PBXTargetDependency */,
			);
			name = ConversAITests;
			productName = ConversAITests;
			productReference = 27F295F22A2B9968002470C5 /* ConversAITests.xctest */;
			productType = "com.apple.product-type.bundle.unit-test";
		};
		27F295FB2A2B9968002470C5 /* ConversAIUITests */ = {
			isa = PBXNativeTarget;
			buildConfigurationList = 27F2960C2A2B9968002470C5 /* Build configuration list for PBXNativeTarget "ConversAIUITests" */;
			buildPhases = (
				27F295F82A2B9968002470C5 /* Sources */,
				27F295F92A2B9968002470C5 /* Frameworks */,
				27F295FA2A2B9968002470C5 /* Resources */,
			);
			buildRules = (
			);
			dependencies = (
				27F295FE2A2B9968002470C5 /* PBXTargetDependency */,
			);
			name = ConversAIUITests;
			productName = ConversAIUITests;
			productReference = 27F295FC2A2B9968002470C5 /* ConversAIUITests.xctest */;
			productType = "com.apple.product-type.bundle.ui-testing";
		};
/* End PBXNativeTarget section */

/* Begin PBXProject section */
		27F295D92A2B9966002470C5 /* Project object */ = {
			isa = PBXProject;
			attributes = {
				BuildIndependentTargetsInParallel = 1;
				LastSwiftUpdateCheck = 1430;
				LastUpgradeCheck = 1430;
				TargetAttributes = {
					27F295E02A2B9966002470C5 = {
						CreatedOnToolsVersion = 14.3;
					};
					27F295F12A2B9968002470C5 = {
						CreatedOnToolsVersion = 14.3;
						TestTargetID = 27F295E02A2B9966002470C5;
					};
					27F295FB2A2B9968002470C5 = {
						CreatedOnToolsVersion = 14.3;
						TestTargetID = 27F295E02A2B9966002470C5;
					};
				};
			};
			buildConfigurationList = 27F295DC2A2B9966002470C5 /* Build configuration list for PBXProject "ConversAI" */;
			compatibilityVersion = "Xcode 14.0";
			developmentRegion = en;
			hasScannedForEncodings = 0;
			knownRegions = (
				en,
				Base,
				tr,
				es,
			);
			mainGroup = 27F295D82A2B9966002470C5;
			packageReferences = (
				27F2967B2A2F3D03002470C5 /* XCRemoteSwiftPackageReference "ChatGPTSwift" */,
				27F296812A2F429F002470C5 /* XCRemoteSwiftPackageReference "swift-markdown-ui" */,
				27B0E01E2A30FF6C002CDA33 /* XCRemoteSwiftPackageReference "swift-package-manager-google-mobile-ads" */,
				27B0E02D2A312F15002CDA33 /* XCRemoteSwiftPackageReference "SQLite.swift" */,
				27F3115B2A33510A00BB399B /* XCRemoteSwiftPackageReference "lottie-ios" */,
				27F311742A362AB200BB399B /* XCRemoteSwiftPackageReference "purchases-ios" */,
				27F311822A37410500BB399B /* XCRemoteSwiftPackageReference "PopupView" */,
				27F311852A375F7A00BB399B /* XCRemoteSwiftPackageReference "AppsFlyerFramework" */,
			);
			productRefGroup = 27F295E22A2B9966002470C5 /* Products */;
			projectDirPath = "";
			projectRoot = "";
			targets = (
				27F295E02A2B9966002470C5 /* ConversAI */,
				27F295F12A2B9968002470C5 /* ConversAITests */,
				27F295FB2A2B9968002470C5 /* ConversAIUITests */,
			);
		};
/* End PBXProject section */

/* Begin PBXResourcesBuildPhase section */
		27F295DF2A2B9966002470C5 /* Resources */ = {
			isa = PBXResourcesBuildPhase;
			buildActionMask = 2147483647;
			files = (
				27F311722A35CAF500BB399B /* Urbanist-SemiBold.ttf in Resources */,
				27F296442A2BA8B4002470C5 /* urbanist-light.ttf in Resources */,
				27F296412A2BA8B4002470C5 /* UrbanistExtraBold.ttf in Resources */,
				27F295ED2A2B9968002470C5 /* Preview Assets.xcassets in Resources */,
				27F2963F2A2BA8B4002470C5 /* urbanist-regular.ttf in Resources */,
				27F2963E2A2BA8B4002470C5 /* urbanist-medium.ttf in Resources */,
				27F296402A2BA8B4002470C5 /* urbanist-semi.ttf in Resources */,
				27F2963B2A2BA8B4002470C5 /* urbanist-bold.ttf in Resources */,
				27F2963C2A2BA8B4002470C5 /* urbanist-italic.ttf in Resources */,
				27F296422A2BA8B4002470C5 /* urbanist-thin.ttf in Resources */,
				27F296612A2CD02B002470C5 /* Localizable.strings in Resources */,
				27F311652A335EF500BB399B /* starLottie.json in Resources */,
				27F295E92A2B9968002470C5 /* Assets.xcassets in Resources */,
				27F2963D2A2BA8B4002470C5 /* urbanist-black.ttf in Resources */,
				27F296432A2BA8B4002470C5 /* urbanist-extra-light.ttf in Resources */,
			);
			runOnlyForDeploymentPostprocessing = 0;
		};
		27F295F02A2B9968002470C5 /* Resources */ = {
			isa = PBXResourcesBuildPhase;
			buildActionMask = 2147483647;
			files = (
			);
			runOnlyForDeploymentPostprocessing = 0;
		};
		27F295FA2A2B9968002470C5 /* Resources */ = {
			isa = PBXResourcesBuildPhase;
			buildActionMask = 2147483647;
			files = (
			);
			runOnlyForDeploymentPostprocessing = 0;
		};
/* End PBXResourcesBuildPhase section */

/* Begin PBXSourcesBuildPhase section */
		27F295DD2A2B9966002470C5 /* Sources */ = {
			isa = PBXSourcesBuildPhase;
			buildActionMask = 2147483647;
			files = (
				27F311892A37902900BB399B /* SplashView.swift in Sources */,
				27F3116D2A3396D600BB399B /* LanguagesView.swift in Sources */,
				27F3117F2A36438200BB399B /* UpgradeViewModel.swift in Sources */,
				27BC92C92A3134010031070B /* SQliteDatabase.swift in Sources */,
				27E656402AD9660D000FD102 /* ModerationModel.swift in Sources */,
				27F311702A339E0400BB399B /* LanguagesViewModel.swift in Sources */,
				274DBA662A2FE5B100F9C712 /* ChipItem.swift in Sources */,
				27F296872A2F6D2F002470C5 /* AIAssistantsModel.swift in Sources */,
				27F295E72A2B9966002470C5 /* ContentView.swift in Sources */,
				27F296662A2CE3BD002470C5 /* LanguageManager.swift in Sources */,
				27F296682A2CE6C5002470C5 /* StartChatViewModel.swift in Sources */,
				27F2964F2A2BE2AA002470C5 /* ShimmerEffect.swift in Sources */,
				27BC92C72A3130430031070B /* ConverstionsModel.swift in Sources */,
				27F3116B2A338EF100BB399B /* SettingsViewModel.swift in Sources */,
				27F311812A37096600BB399B /* GenericDialogs.swift in Sources */,
				27B0E0242A312724002CDA33 /* LazyView.swift in Sources */,
				27B0E01D2A30F5E9002CDA33 /* UserDefaults.swift in Sources */,
				27F296712A2D2148002470C5 /* BottomNav.swift in Sources */,
				27F296472A2BC8AC002470C5 /* Extensions.swift in Sources */,
				27F296782A2F13A8002470C5 /* MessageCard.swift in Sources */,
				27F296122A2B9C49002470C5 /* StartChatView.swift in Sources */,
				27F295E52A2B9966002470C5 /* ConversAIApp.swift in Sources */,
				27F2966E2A2D1E7B002470C5 /* ChatView.swift in Sources */,
				27F296852A2F5109002470C5 /* Constants.swift in Sources */,
				27F3115A2A334D7400BB399B /* LottieView.swift in Sources */,
				27B0E0222A30FFEE002CDA33 /* RewardedAd.swift in Sources */,
				27F3117D2A362D6B00BB399B /* UpgradeView.swift in Sources */,
				274DBA642A2FE3D800F9C712 /* AssistantsViewModel.swift in Sources */,
				27F2967A2A2F3C77002470C5 /* ChatViewModel.swift in Sources */,
				27B0E0292A312E3F002CDA33 /* HistoryViewModel.swift in Sources */,
				27F296552A2CB85C002470C5 /* AppBar.swift in Sources */,
				27F296172A2B9F85002470C5 /* UrbanistFontModifier.swift in Sources */,
				27F2965C2A2CCAE0002470C5 /* HistoryView.swift in Sources */,
				27F2966B2A2CE840002470C5 /* ContentViewModel.swift in Sources */,
				27F296892A2F8B7C002470C5 /* AssistantCard.swift in Sources */,
				27F311692A33857800BB399B /* Appearance.swift in Sources */,
				27F311782A362B5200BB399B /* ViewExtensions.swift in Sources */,
				27F296242A2BA23E002470C5 /* ColorExtension.swift in Sources */,
				27F296802A2F3D41002470C5 /* MessageModel.swift in Sources */,
				27F2965A2A2CCA16002470C5 /* AssistantsView.swift in Sources */,
				27F2965E2A2CCAF5002470C5 /* SettingsView.swift in Sources */,
			);
			runOnlyForDeploymentPostprocessing = 0;
		};
		27F295EE2A2B9968002470C5 /* Sources */ = {
			isa = PBXSourcesBuildPhase;
			buildActionMask = 2147483647;
			files = (
				27F295F72A2B9968002470C5 /* ConversAITests.swift in Sources */,
			);
			runOnlyForDeploymentPostprocessing = 0;
		};
		27F295F82A2B9968002470C5 /* Sources */ = {
			isa = PBXSourcesBuildPhase;
			buildActionMask = 2147483647;
			files = (
				27F296012A2B9968002470C5 /* ConversAIUITests.swift in Sources */,
				27F296032A2B9968002470C5 /* ConversAIUITestsLaunchTests.swift in Sources */,
			);
			runOnlyForDeploymentPostprocessing = 0;
		};
/* End PBXSourcesBuildPhase section */

/* Begin PBXTargetDependency section */
		27F295F42A2B9968002470C5 /* PBXTargetDependency */ = {
			isa = PBXTargetDependency;
			target = 27F295E02A2B9966002470C5 /* ConversAI */;
			targetProxy = 27F295F32A2B9968002470C5 /* PBXContainerItemProxy */;
		};
		27F295FE2A2B9968002470C5 /* PBXTargetDependency */ = {
			isa = PBXTargetDependency;
			target = 27F295E02A2B9966002470C5 /* ConversAI */;
			targetProxy = 27F295FD2A2B9968002470C5 /* PBXContainerItemProxy */;
		};
/* End PBXTargetDependency section */

/* Begin PBXVariantGroup section */
		27F296632A2CD02B002470C5 /* Localizable.strings */ = {
			isa = PBXVariantGroup;
			children = (
				27F296622A2CD02B002470C5 /* tr */,
				27F296642A2CD030002470C5 /* en */,
				27F3118A2A37B23C00BB399B /* es */,
			);
			name = Localizable.strings;
			sourceTree = "<group>";
		};
/* End PBXVariantGroup section */

/* Begin XCBuildConfiguration section */
		27F296042A2B9968002470C5 /* Debug */ = {
			isa = XCBuildConfiguration;
			buildSettings = {
				ALWAYS_SEARCH_USER_PATHS = NO;
				CLANG_ANALYZER_NONNULL = YES;
				CLANG_ANALYZER_NUMBER_OBJECT_CONVERSION = YES_AGGRESSIVE;
				CLANG_CXX_LANGUAGE_STANDARD = "gnu++20";
				CLANG_ENABLE_MODULES = YES;
				CLANG_ENABLE_OBJC_ARC = YES;
				CLANG_ENABLE_OBJC_WEAK = YES;
				CLANG_WARN_BLOCK_CAPTURE_AUTORELEASING = YES;
				CLANG_WARN_BOOL_CONVERSION = YES;
				CLANG_WARN_COMMA = YES;
				CLANG_WARN_CONSTANT_CONVERSION = YES;
				CLANG_WARN_DEPRECATED_OBJC_IMPLEMENTATIONS = YES;
				CLANG_WARN_DIRECT_OBJC_ISA_USAGE = YES_ERROR;
				CLANG_WARN_DOCUMENTATION_COMMENTS = YES;
				CLANG_WARN_EMPTY_BODY = YES;
				CLANG_WARN_ENUM_CONVERSION = YES;
				CLANG_WARN_INFINITE_RECURSION = YES;
				CLANG_WARN_INT_CONVERSION = YES;
				CLANG_WARN_NON_LITERAL_NULL_CONVERSION = YES;
				CLANG_WARN_OBJC_IMPLICIT_RETAIN_SELF = YES;
				CLANG_WARN_OBJC_LITERAL_CONVERSION = YES;
				CLANG_WARN_OBJC_ROOT_CLASS = YES_ERROR;
				CLANG_WARN_QUOTED_INCLUDE_IN_FRAMEWORK_HEADER = YES;
				CLANG_WARN_RANGE_LOOP_ANALYSIS = YES;
				CLANG_WARN_STRICT_PROTOTYPES = YES;
				CLANG_WARN_SUSPICIOUS_MOVE = YES;
				CLANG_WARN_UNGUARDED_AVAILABILITY = YES_AGGRESSIVE;
				CLANG_WARN_UNREACHABLE_CODE = YES;
				CLANG_WARN__DUPLICATE_METHOD_MATCH = YES;
				COPY_PHASE_STRIP = NO;
				DEBUG_INFORMATION_FORMAT = dwarf;
				ENABLE_STRICT_OBJC_MSGSEND = YES;
				ENABLE_TESTABILITY = YES;
				GCC_C_LANGUAGE_STANDARD = gnu11;
				GCC_DYNAMIC_NO_PIC = NO;
				GCC_NO_COMMON_BLOCKS = YES;
				GCC_OPTIMIZATION_LEVEL = 0;
				GCC_PREPROCESSOR_DEFINITIONS = (
					"DEBUG=1",
					"$(inherited)",
				);
				GCC_WARN_64_TO_32_BIT_CONVERSION = YES;
				GCC_WARN_ABOUT_RETURN_TYPE = YES_ERROR;
				GCC_WARN_UNDECLARED_SELECTOR = YES;
				GCC_WARN_UNINITIALIZED_AUTOS = YES_AGGRESSIVE;
				GCC_WARN_UNUSED_FUNCTION = YES;
				GCC_WARN_UNUSED_VARIABLE = YES;
				MTL_ENABLE_DEBUG_INFO = INCLUDE_SOURCE;
				MTL_FAST_MATH = YES;
				ONLY_ACTIVE_ARCH = YES;
				SWIFT_ACTIVE_COMPILATION_CONDITIONS = DEBUG;
				SWIFT_OPTIMIZATION_LEVEL = "-Onone";
			};
			name = Debug;
		};
		27F296052A2B9968002470C5 /* Release */ = {
			isa = XCBuildConfiguration;
			buildSettings = {
				ALWAYS_SEARCH_USER_PATHS = NO;
				CLANG_ANALYZER_NONNULL = YES;
				CLANG_ANALYZER_NUMBER_OBJECT_CONVERSION = YES_AGGRESSIVE;
				CLANG_CXX_LANGUAGE_STANDARD = "gnu++20";
				CLANG_ENABLE_MODULES = YES;
				CLANG_ENABLE_OBJC_ARC = YES;
				CLANG_ENABLE_OBJC_WEAK = YES;
				CLANG_WARN_BLOCK_CAPTURE_AUTORELEASING = YES;
				CLANG_WARN_BOOL_CONVERSION = YES;
				CLANG_WARN_COMMA = YES;
				CLANG_WARN_CONSTANT_CONVERSION = YES;
				CLANG_WARN_DEPRECATED_OBJC_IMPLEMENTATIONS = YES;
				CLANG_WARN_DIRECT_OBJC_ISA_USAGE = YES_ERROR;
				CLANG_WARN_DOCUMENTATION_COMMENTS = YES;
				CLANG_WARN_EMPTY_BODY = YES;
				CLANG_WARN_ENUM_CONVERSION = YES;
				CLANG_WARN_INFINITE_RECURSION = YES;
				CLANG_WARN_INT_CONVERSION = YES;
				CLANG_WARN_NON_LITERAL_NULL_CONVERSION = YES;
				CLANG_WARN_OBJC_IMPLICIT_RETAIN_SELF = YES;
				CLANG_WARN_OBJC_LITERAL_CONVERSION = YES;
				CLANG_WARN_OBJC_ROOT_CLASS = YES_ERROR;
				CLANG_WARN_QUOTED_INCLUDE_IN_FRAMEWORK_HEADER = YES;
				CLANG_WARN_RANGE_LOOP_ANALYSIS = YES;
				CLANG_WARN_STRICT_PROTOTYPES = YES;
				CLANG_WARN_SUSPICIOUS_MOVE = YES;
				CLANG_WARN_UNGUARDED_AVAILABILITY = YES_AGGRESSIVE;
				CLANG_WARN_UNREACHABLE_CODE = YES;
				CLANG_WARN__DUPLICATE_METHOD_MATCH = YES;
				COPY_PHASE_STRIP = NO;
				DEBUG_INFORMATION_FORMAT = "dwarf-with-dsym";
				ENABLE_NS_ASSERTIONS = NO;
				ENABLE_STRICT_OBJC_MSGSEND = YES;
				GCC_C_LANGUAGE_STANDARD = gnu11;
				GCC_NO_COMMON_BLOCKS = YES;
				GCC_WARN_64_TO_32_BIT_CONVERSION = YES;
				GCC_WARN_ABOUT_RETURN_TYPE = YES_ERROR;
				GCC_WARN_UNDECLARED_SELECTOR = YES;
				GCC_WARN_UNINITIALIZED_AUTOS = YES_AGGRESSIVE;
				GCC_WARN_UNUSED_FUNCTION = YES;
				GCC_WARN_UNUSED_VARIABLE = YES;
				MTL_ENABLE_DEBUG_INFO = NO;
				MTL_FAST_MATH = YES;
				SWIFT_COMPILATION_MODE = wholemodule;
				SWIFT_OPTIMIZATION_LEVEL = "-O";
			};
			name = Release;
		};
		27F296072A2B9968002470C5 /* Debug */ = {
			isa = XCBuildConfiguration;
			buildSettings = {
				ASSETCATALOG_COMPILER_APPICON_NAME = AppIcon;
				ASSETCATALOG_COMPILER_GLOBAL_ACCENT_COLOR_NAME = AccentColor;
				CODE_SIGN_ENTITLEMENTS = ConversAI/ConversAI.entitlements;
				CODE_SIGN_STYLE = Automatic;
				CURRENT_PROJECT_VERSION = 1;
				DEVELOPMENT_ASSET_PATHS = "\"ConversAI/Preview Content\"";
				DEVELOPMENT_TEAM = 99G5W9P68N;
				ENABLE_HARDENED_RUNTIME = YES;
				ENABLE_PREVIEWS = YES;
				GENERATE_INFOPLIST_FILE = YES;
				INFOPLIST_FILE = ConversAI/Info.plist;
				"INFOPLIST_KEY_UIApplicationSceneManifest_Generation[sdk=iphoneos*]" = YES;
				"INFOPLIST_KEY_UIApplicationSceneManifest_Generation[sdk=iphonesimulator*]" = YES;
				"INFOPLIST_KEY_UIApplicationSupportsIndirectInputEvents[sdk=iphoneos*]" = YES;
				"INFOPLIST_KEY_UIApplicationSupportsIndirectInputEvents[sdk=iphonesimulator*]" = YES;
				"INFOPLIST_KEY_UILaunchScreen_Generation[sdk=iphoneos*]" = YES;
				"INFOPLIST_KEY_UILaunchScreen_Generation[sdk=iphonesimulator*]" = YES;
				"INFOPLIST_KEY_UIStatusBarStyle[sdk=iphoneos*]" = UIStatusBarStyleDefault;
				"INFOPLIST_KEY_UIStatusBarStyle[sdk=iphonesimulator*]" = UIStatusBarStyleDefault;
				INFOPLIST_KEY_UISupportedInterfaceOrientations_iPad = "UIInterfaceOrientationPortrait UIInterfaceOrientationPortraitUpsideDown UIInterfaceOrientationLandscapeLeft UIInterfaceOrientationLandscapeRight";
				INFOPLIST_KEY_UISupportedInterfaceOrientations_iPhone = "UIInterfaceOrientationPortrait UIInterfaceOrientationLandscapeLeft UIInterfaceOrientationLandscapeRight";
				IPHONEOS_DEPLOYMENT_TARGET = 16.4;
				LD_RUNPATH_SEARCH_PATHS = "@executable_path/Frameworks";
				"LD_RUNPATH_SEARCH_PATHS[sdk=macosx*]" = "@executable_path/../Frameworks";
				MACOSX_DEPLOYMENT_TARGET = 13.3;
				MARKETING_VERSION = 1.0;
				OTHER_LDFLAGS = "-ObjC";
				PRODUCT_BUNDLE_IDENTIFIER = com.muratozturk.ConversAI;
				PRODUCT_NAME = "$(TARGET_NAME)";
				SDKROOT = auto;
				SUPPORTED_PLATFORMS = "iphoneos iphonesimulator macosx";
				SWIFT_EMIT_LOC_STRINGS = YES;
				SWIFT_VERSION = 5.0;
				TARGETED_DEVICE_FAMILY = "1,2";
			};
			name = Debug;
		};
		27F296082A2B9968002470C5 /* Release */ = {
			isa = XCBuildConfiguration;
			buildSettings = {
				ASSETCATALOG_COMPILER_APPICON_NAME = AppIcon;
				ASSETCATALOG_COMPILER_GLOBAL_ACCENT_COLOR_NAME = AccentColor;
				CODE_SIGN_ENTITLEMENTS = ConversAI/ConversAI.entitlements;
				CODE_SIGN_STYLE = Automatic;
				CURRENT_PROJECT_VERSION = 1;
				DEVELOPMENT_ASSET_PATHS = "\"ConversAI/Preview Content\"";
				DEVELOPMENT_TEAM = 99G5W9P68N;
				ENABLE_HARDENED_RUNTIME = YES;
				ENABLE_PREVIEWS = YES;
				GENERATE_INFOPLIST_FILE = YES;
				INFOPLIST_FILE = ConversAI/Info.plist;
				"INFOPLIST_KEY_UIApplicationSceneManifest_Generation[sdk=iphoneos*]" = YES;
				"INFOPLIST_KEY_UIApplicationSceneManifest_Generation[sdk=iphonesimulator*]" = YES;
				"INFOPLIST_KEY_UIApplicationSupportsIndirectInputEvents[sdk=iphoneos*]" = YES;
				"INFOPLIST_KEY_UIApplicationSupportsIndirectInputEvents[sdk=iphonesimulator*]" = YES;
				"INFOPLIST_KEY_UILaunchScreen_Generation[sdk=iphoneos*]" = YES;
				"INFOPLIST_KEY_UILaunchScreen_Generation[sdk=iphonesimulator*]" = YES;
				"INFOPLIST_KEY_UIStatusBarStyle[sdk=iphoneos*]" = UIStatusBarStyleDefault;
				"INFOPLIST_KEY_UIStatusBarStyle[sdk=iphonesimulator*]" = UIStatusBarStyleDefault;
				INFOPLIST_KEY_UISupportedInterfaceOrientations_iPad = "UIInterfaceOrientationPortrait UIInterfaceOrientationPortraitUpsideDown UIInterfaceOrientationLandscapeLeft UIInterfaceOrientationLandscapeRight";
				INFOPLIST_KEY_UISupportedInterfaceOrientations_iPhone = "UIInterfaceOrientationPortrait UIInterfaceOrientationLandscapeLeft UIInterfaceOrientationLandscapeRight";
				IPHONEOS_DEPLOYMENT_TARGET = 16.4;
				LD_RUNPATH_SEARCH_PATHS = "@executable_path/Frameworks";
				"LD_RUNPATH_SEARCH_PATHS[sdk=macosx*]" = "@executable_path/../Frameworks";
				MACOSX_DEPLOYMENT_TARGET = 13.3;
				MARKETING_VERSION = 1.0;
				OTHER_LDFLAGS = "-ObjC";
				PRODUCT_BUNDLE_IDENTIFIER = com.muratozturk.ConversAI;
				PRODUCT_NAME = "$(TARGET_NAME)";
				SDKROOT = auto;
				SUPPORTED_PLATFORMS = "iphoneos iphonesimulator macosx";
				SWIFT_EMIT_LOC_STRINGS = YES;
				SWIFT_VERSION = 5.0;
				TARGETED_DEVICE_FAMILY = "1,2";
			};
			name = Release;
		};
		27F2960A2A2B9968002470C5 /* Debug */ = {
			isa = XCBuildConfiguration;
			buildSettings = {
				ALWAYS_EMBED_SWIFT_STANDARD_LIBRARIES = YES;
				BUNDLE_LOADER = "$(TEST_HOST)";
				CODE_SIGN_STYLE = Automatic;
				CURRENT_PROJECT_VERSION = 1;
				DEVELOPMENT_TEAM = 99G5W9P68N;
				GENERATE_INFOPLIST_FILE = YES;
				IPHONEOS_DEPLOYMENT_TARGET = 16.4;
				MACOSX_DEPLOYMENT_TARGET = 13.3;
				MARKETING_VERSION = 1.0;
				PRODUCT_BUNDLE_IDENTIFIER = com.muratozturk.ConversAITests;
				PRODUCT_NAME = "$(TARGET_NAME)";
				SDKROOT = auto;
				SUPPORTED_PLATFORMS = "iphoneos iphonesimulator macosx";
				SWIFT_EMIT_LOC_STRINGS = NO;
				SWIFT_VERSION = 5.0;
				TARGETED_DEVICE_FAMILY = "1,2";
				TEST_HOST = "$(BUILT_PRODUCTS_DIR)/ConversAI.app/$(BUNDLE_EXECUTABLE_FOLDER_PATH)/ConversAI";
			};
			name = Debug;
		};
		27F2960B2A2B9968002470C5 /* Release */ = {
			isa = XCBuildConfiguration;
			buildSettings = {
				ALWAYS_EMBED_SWIFT_STANDARD_LIBRARIES = YES;
				BUNDLE_LOADER = "$(TEST_HOST)";
				CODE_SIGN_STYLE = Automatic;
				CURRENT_PROJECT_VERSION = 1;
				DEVELOPMENT_TEAM = 99G5W9P68N;
				GENERATE_INFOPLIST_FILE = YES;
				IPHONEOS_DEPLOYMENT_TARGET = 16.4;
				MACOSX_DEPLOYMENT_TARGET = 13.3;
				MARKETING_VERSION = 1.0;
				PRODUCT_BUNDLE_IDENTIFIER = com.muratozturk.ConversAITests;
				PRODUCT_NAME = "$(TARGET_NAME)";
				SDKROOT = auto;
				SUPPORTED_PLATFORMS = "iphoneos iphonesimulator macosx";
				SWIFT_EMIT_LOC_STRINGS = NO;
				SWIFT_VERSION = 5.0;
				TARGETED_DEVICE_FAMILY = "1,2";
				TEST_HOST = "$(BUILT_PRODUCTS_DIR)/ConversAI.app/$(BUNDLE_EXECUTABLE_FOLDER_PATH)/ConversAI";
			};
			name = Release;
		};
		27F2960D2A2B9968002470C5 /* Debug */ = {
			isa = XCBuildConfiguration;
			buildSettings = {
				ALWAYS_EMBED_SWIFT_STANDARD_LIBRARIES = YES;
				CODE_SIGN_STYLE = Automatic;
				CURRENT_PROJECT_VERSION = 1;
				DEVELOPMENT_TEAM = 99G5W9P68N;
				GENERATE_INFOPLIST_FILE = YES;
				IPHONEOS_DEPLOYMENT_TARGET = 16.4;
				MACOSX_DEPLOYMENT_TARGET = 13.3;
				MARKETING_VERSION = 1.0;
				PRODUCT_BUNDLE_IDENTIFIER = com.muratozturk.ConversAIUITests;
				PRODUCT_NAME = "$(TARGET_NAME)";
				SDKROOT = auto;
				SUPPORTED_PLATFORMS = "iphoneos iphonesimulator macosx";
				SWIFT_EMIT_LOC_STRINGS = NO;
				SWIFT_VERSION = 5.0;
				TARGETED_DEVICE_FAMILY = "1,2";
				TEST_TARGET_NAME = ConversAI;
			};
			name = Debug;
		};
		27F2960E2A2B9968002470C5 /* Release */ = {
			isa = XCBuildConfiguration;
			buildSettings = {
				ALWAYS_EMBED_SWIFT_STANDARD_LIBRARIES = YES;
				CODE_SIGN_STYLE = Automatic;
				CURRENT_PROJECT_VERSION = 1;
				DEVELOPMENT_TEAM = 99G5W9P68N;
				GENERATE_INFOPLIST_FILE = YES;
				IPHONEOS_DEPLOYMENT_TARGET = 16.4;
				MACOSX_DEPLOYMENT_TARGET = 13.3;
				MARKETING_VERSION = 1.0;
				PRODUCT_BUNDLE_IDENTIFIER = com.muratozturk.ConversAIUITests;
				PRODUCT_NAME = "$(TARGET_NAME)";
				SDKROOT = auto;
				SUPPORTED_PLATFORMS = "iphoneos iphonesimulator macosx";
				SWIFT_EMIT_LOC_STRINGS = NO;
				SWIFT_VERSION = 5.0;
				TARGETED_DEVICE_FAMILY = "1,2";
				TEST_TARGET_NAME = ConversAI;
			};
			name = Release;
		};
/* End XCBuildConfiguration section */

/* Begin XCConfigurationList section */
		27F295DC2A2B9966002470C5 /* Build configuration list for PBXProject "ConversAI" */ = {
			isa = XCConfigurationList;
			buildConfigurations = (
				27F296042A2B9968002470C5 /* Debug */,
				27F296052A2B9968002470C5 /* Release */,
			);
			defaultConfigurationIsVisible = 0;
			defaultConfigurationName = Release;
		};
		27F296062A2B9968002470C5 /* Build configuration list for PBXNativeTarget "ConversAI" */ = {
			isa = XCConfigurationList;
			buildConfigurations = (
				27F296072A2B9968002470C5 /* Debug */,
				27F296082A2B9968002470C5 /* Release */,
			);
			defaultConfigurationIsVisible = 0;
			defaultConfigurationName = Release;
		};
		27F296092A2B9968002470C5 /* Build configuration list for PBXNativeTarget "ConversAITests" */ = {
			isa = XCConfigurationList;
			buildConfigurations = (
				27F2960A2A2B9968002470C5 /* Debug */,
				27F2960B2A2B9968002470C5 /* Release */,
			);
			defaultConfigurationIsVisible = 0;
			defaultConfigurationName = Release;
		};
		27F2960C2A2B9968002470C5 /* Build configuration list for PBXNativeTarget "ConversAIUITests" */ = {
			isa = XCConfigurationList;
			buildConfigurations = (
				27F2960D2A2B9968002470C5 /* Debug */,
				27F2960E2A2B9968002470C5 /* Release */,
			);
			defaultConfigurationIsVisible = 0;
			defaultConfigurationName = Release;
		};
/* End XCConfigurationList section */

/* Begin XCRemoteSwiftPackageReference section */
		27B0E01E2A30FF6C002CDA33 /* XCRemoteSwiftPackageReference "swift-package-manager-google-mobile-ads" */ = {
			isa = XCRemoteSwiftPackageReference;
			repositoryURL = "https://github.com/googleads/swift-package-manager-google-mobile-ads.git";
			requirement = {
				kind = upToNextMajorVersion;
				minimumVersion = 10.0.0;
			};
		};
		27B0E02D2A312F15002CDA33 /* XCRemoteSwiftPackageReference "SQLite.swift" */ = {
			isa = XCRemoteSwiftPackageReference;
			repositoryURL = "https://github.com/stephencelis/SQLite.swift.git";
			requirement = {
				kind = upToNextMajorVersion;
				minimumVersion = 0.14.1;
			};
		};
		27F2967B2A2F3D03002470C5 /* XCRemoteSwiftPackageReference "ChatGPTSwift" */ = {
			isa = XCRemoteSwiftPackageReference;
			repositoryURL = "https://github.com/alfianlosari/ChatGPTSwift";
			requirement = {
				kind = exactVersion;
				version = 1.3.3;
			};
		};
		27F296812A2F429F002470C5 /* XCRemoteSwiftPackageReference "swift-markdown-ui" */ = {
			isa = XCRemoteSwiftPackageReference;
			repositoryURL = "https://github.com/gonzalezreal/swift-markdown-ui";
			requirement = {
				kind = upToNextMajorVersion;
				minimumVersion = 2.0.0;
			};
		};
		27F3115B2A33510A00BB399B /* XCRemoteSwiftPackageReference "lottie-ios" */ = {
			isa = XCRemoteSwiftPackageReference;
			repositoryURL = "https://github.com/airbnb/lottie-ios.git";
			requirement = {
				kind = upToNextMajorVersion;
				minimumVersion = 4.0.0;
			};
		};
		27F311742A362AB200BB399B /* XCRemoteSwiftPackageReference "purchases-ios" */ = {
			isa = XCRemoteSwiftPackageReference;
			repositoryURL = "https://github.com/RevenueCat/purchases-ios.git";
			requirement = {
				kind = upToNextMajorVersion;
				minimumVersion = 4.0.0;
			};
		};
		27F311822A37410500BB399B /* XCRemoteSwiftPackageReference "PopupView" */ = {
			isa = XCRemoteSwiftPackageReference;
			repositoryURL = "https://github.com/exyte/PopupView.git";
			requirement = {
				kind = upToNextMajorVersion;
				minimumVersion = 2.0.0;
			};
		};
		27F311852A375F7A00BB399B /* XCRemoteSwiftPackageReference "AppsFlyerFramework" */ = {
			isa = XCRemoteSwiftPackageReference;
			repositoryURL = "https://github.com/AppsFlyerSDK/AppsFlyerFramework";
			requirement = {
				kind = upToNextMajorVersion;
				minimumVersion = 6.0.0;
			};
		};
/* End XCRemoteSwiftPackageReference section */

/* Begin XCSwiftPackageProductDependency section */
		27B0E01F2A30FF6C002CDA33 /* GoogleMobileAds */ = {
			isa = XCSwiftPackageProductDependency;
			package = 27B0E01E2A30FF6C002CDA33 /* XCRemoteSwiftPackageReference "swift-package-manager-google-mobile-ads" */;
			productName = GoogleMobileAds;
		};
		27B0E02E2A312F15002CDA33 /* SQLite */ = {
			isa = XCSwiftPackageProductDependency;
			package = 27B0E02D2A312F15002CDA33 /* XCRemoteSwiftPackageReference "SQLite.swift" */;
			productName = SQLite;
		};
		27F2967C2A2F3D03002470C5 /* ChatGPTSwift */ = {
			isa = XCSwiftPackageProductDependency;
			package = 27F2967B2A2F3D03002470C5 /* XCRemoteSwiftPackageReference "ChatGPTSwift" */;
			productName = ChatGPTSwift;
		};
		27F296822A2F429F002470C5 /* MarkdownUI */ = {
			isa = XCSwiftPackageProductDependency;
			package = 27F296812A2F429F002470C5 /* XCRemoteSwiftPackageReference "swift-markdown-ui" */;
			productName = MarkdownUI;
		};
		27F3115C2A33510A00BB399B /* Lottie */ = {
			isa = XCSwiftPackageProductDependency;
			package = 27F3115B2A33510A00BB399B /* XCRemoteSwiftPackageReference "lottie-ios" */;
			productName = Lottie;
		};
		27F311752A362AB200BB399B /* RevenueCat */ = {
			isa = XCSwiftPackageProductDependency;
			package = 27F311742A362AB200BB399B /* XCRemoteSwiftPackageReference "purchases-ios" */;
			productName = RevenueCat;
		};
		27F311832A37410500BB399B /* PopupView */ = {
			isa = XCSwiftPackageProductDependency;
			package = 27F311822A37410500BB399B /* XCRemoteSwiftPackageReference "PopupView" */;
			productName = PopupView;
		};
		27F311862A375F7A00BB399B /* AppsFlyerLib */ = {
			isa = XCSwiftPackageProductDependency;
			package = 27F311852A375F7A00BB399B /* XCRemoteSwiftPackageReference "AppsFlyerFramework" */;
			productName = AppsFlyerLib;
		};
/* End XCSwiftPackageProductDependency section */
	};
	rootObject = 27F295D92A2B9966002470C5 /* Project object */;
}
